
Microsoft Visual Studio Solution File, Format Version 12.00
# Visual Studio Version 17
VisualStudioVersion = 17.3.32929.385
MinimumVisualStudioVersion = 10.0.40219.1
Project("{FAE04EC0-301F-11D3-BF4B-00C04F79EFBC}") = "ToDo2", "ToDo2\ToDo2.csproj", "{F8AC3E20-73A8-414D-8522-6AA563BB303D}"
EndProject
Global
	GlobalSection(SolutionConfigurationPlatforms) = preSolution
		Debug|Any CPU = Debug|Any CPU
		Release|Any CPU = Release|Any CPU
	EndGlobalSection
	GlobalSection(ProjectConfigurationPlatforms) = postSolution
		{F8AC3E20-73A8-414D-8522-6AA563BB303D}.Debug|Any CPU.ActiveCfg = Debug|Any CPU
		{F8AC3E20-73A8-414D-8522-6AA563BB303D}.Debug|Any CPU.Build.0 = Debug|Any CPU
		{F8AC3E20-73A8-414D-8522-6AA563BB303D}.Release|Any CPU.ActiveCfg = Release|Any CPU
		{F8AC3E20-73A8-414D-8522-6AA563BB303D}.Release|Any CPU.Build.0 = Release|Any CPU
	EndGlobalSection
	GlobalSection(SolutionProperties) = preSolution
		HideSolutionNode = FALSE
	EndGlobalSection
	GlobalSection(ExtensibilityGlobals) = postSolution
		SolutionGuid = {DC197B6E-DF61-47F3-AA32-96C7E84EA3C7}
	EndGlobalSection
EndGlobal
